
Microsoft Visual Studio Solution File, Format Version 12.00
# Visual Studio Version 17
VisualStudioVersion = 17.8.34525.116
MinimumVisualStudioVersion = 10.0.40219.1
Project("{FAE04EC0-301F-11D3-BF4B-00C04F79EFBC}") = "BasketballTournament", "BasketballTournament\BasketballTournament.csproj", "{54BD2E2A-EB97-47B2-A32F-DC3659ECD9A7}"
EndProject
Global
	GlobalSection(SolutionConfigurationPlatforms) = preSolution
		Debug|Any CPU = Debug|Any CPU
		Release|Any CPU = Release|Any CPU
	EndGlobalSection
	GlobalSection(ProjectConfigurationPlatforms) = postSolution
		{54BD2E2A-EB97-47B2-A32F-DC3659ECD9A7}.Debug|Any CPU.ActiveCfg = Debug|Any CPU
		{54BD2E2A-EB97-47B2-A32F-DC3659ECD9A7}.Debug|Any CPU.Build.0 = Debug|Any CPU
		{54BD2E2A-EB97-47B2-A32F-DC3659ECD9A7}.Release|Any CPU.ActiveCfg = Release|Any CPU
		{54BD2E2A-EB97-47B2-A32F-DC3659ECD9A7}.Release|Any CPU.Build.0 = Release|Any CPU
	EndGlobalSection
	GlobalSection(SolutionProperties) = preSolution
		HideSolutionNode = FALSE
	EndGlobalSection
	GlobalSection(ExtensibilityGlobals) = postSolution
		SolutionGuid = {BE60EE6F-6E5A-4A31-8A20-1C0814837FFF}
	EndGlobalSection
EndGlobal
